
Microsoft Visual Studio Solution File, Format Version 12.00
# Visual Studio Version 17
VisualStudioVersion = 17.2.32616.157
MinimumVisualStudioVersion = 10.0.40219.1
Project("{FAE04EC0-301F-11D3-BF4B-00C04F79EFBC}") = "Entidades.Capas", "Entidades.Data\Entidades.Capas.csproj", "{8416AA09-B6EC-4120-888E-93811E799648}"
EndProject
Project("{FAE04EC0-301F-11D3-BF4B-00C04F79EFBC}") = "Entidades.Interfaces", "Entidades.Interfaces\Entidades.Interfaces.csproj", "{8D7B752A-ED91-4742-8C3B-3BD1AF002A0B}"
EndProject
Global
	GlobalSection(SolutionConfigurationPlatforms) = preSolution
		Debug|Any CPU = Debug|Any CPU
		Release|Any CPU = Release|Any CPU
	EndGlobalSection
	GlobalSection(ProjectConfigurationPlatforms) = postSolution
		{8416AA09-B6EC-4120-888E-93811E799648}.Debug|Any CPU.ActiveCfg = Debug|Any CPU
		{8416AA09-B6EC-4120-888E-93811E799648}.Debug|Any CPU.Build.0 = Debug|Any CPU
		{8416AA09-B6EC-4120-888E-93811E799648}.Release|Any CPU.ActiveCfg = Release|Any CPU
		{8416AA09-B6EC-4120-888E-93811E799648}.Release|Any CPU.Build.0 = Release|Any CPU
		{8D7B752A-ED91-4742-8C3B-3BD1AF002A0B}.Debug|Any CPU.ActiveCfg = Debug|Any CPU
		{8D7B752A-ED91-4742-8C3B-3BD1AF002A0B}.Debug|Any CPU.Build.0 = Debug|Any CPU
		{8D7B752A-ED91-4742-8C3B-3BD1AF002A0B}.Release|Any CPU.ActiveCfg = Release|Any CPU
		{8D7B752A-ED91-4742-8C3B-3BD1AF002A0B}.Release|Any CPU.Build.0 = Release|Any CPU
	EndGlobalSection
	GlobalSection(SolutionProperties) = preSolution
		HideSolutionNode = FALSE
	EndGlobalSection
	GlobalSection(ExtensibilityGlobals) = postSolution
		SolutionGuid = {069DEDFB-785F-4AED-8FFC-5A3BCD4C4595}
	EndGlobalSection
EndGlobal
